
Microsoft Visual Studio Solution File, Format Version 12.00
# Visual Studio Version 17
VisualStudioVersion = 17.1.32328.378
MinimumVisualStudioVersion = 10.0.40219.1
Project("{FAE04EC0-301F-11D3-BF4B-00C04F79EFBC}") = "tic-tac-toe", "tic-tac-toe\tic-tac-toe.csproj", "{7668D1EA-BE1F-437F-B852-3A7FABBC8FDC}"
EndProject
Global
	GlobalSection(SolutionConfigurationPlatforms) = preSolution
		Debug|Any CPU = Debug|Any CPU
		Release|Any CPU = Release|Any CPU
	EndGlobalSection
	GlobalSection(ProjectConfigurationPlatforms) = postSolution
		{7668D1EA-BE1F-437F-B852-3A7FABBC8FDC}.Debug|Any CPU.ActiveCfg = Debug|Any CPU
		{7668D1EA-BE1F-437F-B852-3A7FABBC8FDC}.Debug|Any CPU.Build.0 = Debug|Any CPU
		{7668D1EA-BE1F-437F-B852-3A7FABBC8FDC}.Release|Any CPU.ActiveCfg = Release|Any CPU
		{7668D1EA-BE1F-437F-B852-3A7FABBC8FDC}.Release|Any CPU.Build.0 = Release|Any CPU
	EndGlobalSection
	GlobalSection(SolutionProperties) = preSolution
		HideSolutionNode = FALSE
	EndGlobalSection
	GlobalSection(ExtensibilityGlobals) = postSolution
		SolutionGuid = {BEE729F3-DEB4-4DD0-8FF7-267EE87D7822}
	EndGlobalSection
EndGlobal
